# This file is automatically @generated by Cargo.
# It is not intended for manual editing.
version = 3

[[package]]
name = "dunce"
version = "1.0.4"
source = "registry+https://github.com/rust-lang/crates.io-index"
checksum = "56ce8c6da7551ec6c462cbaf3bfbc75131ebbfa1c944aeaa9dab51ca1c5f0c3b"

[[package]]
name = "libmterm_example_rs"
version = "0.1.0"
dependencies = [
 "libmterm_rs",
]

[[package]]
name = "libmterm_rs"
version = "0.1.0"
dependencies = [
 "dunce",
]
